<?xml version="1.0" encoding="utf-8"?>
<Project ToolsVersion="4.0" xmlns="http://schemas.microsoft.com/developer/msbuild/2003">
  <ItemGroup>
    <Filter Include="Source Files">
      <UniqueIdentifier>{4FC737F1-C7A5-4376-A066-2A32D752A2FF}</UniqueIdentifier>
      <Extensions>cpp;c;cc;cxx;c++;cppm;ixx;def;odl;idl;hpj;bat;asm;asmx</Extensions>
    </Filter>
    <Filter Include="Header Files">
      <UniqueIdentifier>{93995380-89BD-4b04-88EB-625FBE52EBFB}</UniqueIdentifier>
      <Extensions>h;hh;hpp;hxx;h++;hm;inl;inc;ipp;xsd</Extensions>
    </Filter>
    <Filter Include="Resource Files">
      <UniqueIdentifier>{67DA6AB6-F800-4c08-8B7A-83BB121AAD01}</UniqueIdentifier>
      <Extensions>rc;ico;cur;bmp;dlg;rc2;rct;bin;rgs;gif;jpg;jpeg;jpe;resx;tiff;tif;png;wav;mfcribbon-ms</Extensions>
    </Filter>
    <Filter Include="Source Files\Libraries">
      <UniqueIdentifier>{73110ada-a1b5-4e8d-b59a-ce605aa33ad5}</UniqueIdentifier>
    </Filter>
  </ItemGroup>
  <ItemGroup>
    <ClInclude Include="imgui\imconfig.h">
      <Filter>Header Files</Filter>
    </ClInclude>
    <ClInclude Include="imgui\imgui.h">
      <Filter>Header Files</Filter>
    </ClInclude>
    <ClInclude Include="imgui\imgui_impl_glfw.h">
      <Filter>Header Files</Filter>
    </ClInclude>
    <ClInclude Include="imgui\imgui_impl_opengl3.h">
      <Filter>Header Files</Filter>
    </ClInclude>
    <ClInclude Include="imgui\imgui_internal.h">
      <Filter>Header Files</Filter>
    </ClInclude>
    <ClInclude Include="imgui\imstb_rectpack.h">
      <Filter>Header Files</Filter>
    </ClInclude>
    <ClInclude Include="imgui\imstb_textedit.h">
      <Filter>Header Files</Filter>
    </ClInclude>
    <ClInclude Include="imgui\imstb_truetype.h">
      <Filter>Header Files</Filter>
    </ClInclude>
    <ClInclude Include="Libraries\include\glad\glad.h">
      <Filter>Header Files</Filter>
    </ClInclude>
    <ClInclude Include="Libraries\include\GLFW\glfw3native.h">
      <Filter>Header Files</Filter>
    </ClInclude>
    <ClInclude Include="Libraries\include\GLFW\glfw3.h">
      <Filter>Header Files</Filter>
    </ClInclude>
    <ClInclude Include="Libraries\include\KHR\khrplatform.h">
      <Filter>Header Files</Filter>
    </ClInclude>
    <ClInclude Include="..\SFML\Dirent\dirent.h">
      <Filter>Header Files</Filter>
    </ClInclude>
    <ClInclude Include="Dirent\dirent.h">
      <Filter>Header Files</Filter>
    </ClInclude>
    <ClInclude Include="imgui\imgui_impl_opengl3_loader.h">
      <Filter>Header Files</Filter>
    </ClInclude>
    <ClInclude Include="Main.h">
      <Filter>Header Files</Filter>
    </ClInclude>
  </ItemGroup>
  <ItemGroup>
    <ClCompile Include="Main.cpp">
      <Filter>Source Files</Filter>
    </ClCompile>
    <ClCompile Include="glad.c">
      <Filter>Source Files\Libraries</Filter>
    </ClCompile>
    <ClCompile Include="libraries\imgui\imgui.cpp">
      <Filter>Source Files\Libraries</Filter>
    </ClCompile>
    <ClCompile Include="Libraries\imgui\imgui_demo.cpp">
      <Filter>Source Files\Libraries</Filter>
    </ClCompile>
    <ClCompile Include="Libraries\imgui\imgui_draw.cpp">
      <Filter>Source Files\Libraries</Filter>
    </ClCompile>
    <ClCompile Include="Libraries\imgui\imgui_impl_glfw.cpp">
      <Filter>Source Files\Libraries</Filter>
    </ClCompile>
    <ClCompile Include="Libraries\imgui\imgui_impl_opengl3.cpp">
      <Filter>Source Files\Libraries</Filter>
    </ClCompile>
    <ClCompile Include="Libraries\imgui\imgui_tables.cpp">
      <Filter>Source Files\Libraries</Filter>
    </ClCompile>
    <ClCompile Include="Libraries\imgui\imgui_widgets.cpp">
      <Filter>Source Files\Libraries</Filter>
    </ClCompile>
  </ItemGroup>
  <ItemGroup>
    <None Include="imgui.ini" />
    <None Include="x64\Debug\vc142.pdb" />
    <None Include="x64\Debug\egglangIDE.exe" />
    <None Include="x64\Debug\egglangIDE.exe.recipe" />
    <None Include="x64\Debug\egglangIDE.ilk" />
    <None Include="x64\Debug\egglangIDE.pdb" />
    <None Include="x64\Debug\vc142.idb" />
    <None Include="x64\Debug\egglangIDE.tlog\CL.command.1.tlog" />
    <None Include="x64\Debug\egglangIDE.tlog\CL.read.1.tlog" />
    <None Include="x64\Debug\egglangIDE.tlog\CL.write.1.tlog" />
    <None Include="x64\Debug\egglangIDE.tlog\egglangIDE.lastbuildstate" />
    <None Include="x64\Debug\egglangIDE.tlog\link.command.1.tlog" />
    <None Include="x64\Debug\egglangIDE.tlog\link.read.1.tlog" />
    <None Include="x64\Debug\egglangIDE.tlog\link.write.1.tlog" />
    <None Include=".vs\egg-IDE\v16\Browse.VC.db" />
    <None Include=".vs\egglangIDE\v16\ipch\AutoPCH\4509ad0043bff5cf\MAIN.ipch" />
    <None Include=".vs\egglangIDE\v16\Browse.VC.db" />
    <None Include=".vs\egglangIDE\v16\Browse.VC.db-shm" />
    <None Include=".vs\egglangIDE\v16\Browse.VC.db-wal" />
    <None Include=".vs\ProjectSettings.json" />
    <None Include=".vs\slnx.sqlite" />
    <None Include="..\..\..\ICSI 418Y\Egg Data-structured libraries\FirstEgg.egg">
      <Filter>Source Files</Filter>
    </None>
    <None Include="FirstEgg.egg" />
  </ItemGroup>
  <ItemGroup>
    <Library Include="Libraries\lib\glfw3.lib" />
  </ItemGroup>
  <ItemGroup>
    <Text Include="x64\Debug\egglangIDE.log" />
    <Text Include="x64\Debug\egglangIDE.vcxproj.FileListAbsolute.txt" />
  </ItemGroup>
  <ItemGroup>
    <Object Include="x64\Debug\glad.obj" />
    <Object Include="x64\Debug\imgui.obj" />
    <Object Include="x64\Debug\imgui_demo.obj" />
    <Object Include="x64\Debug\imgui_draw.obj" />
    <Object Include="x64\Debug\imgui_impl_glfw.obj" />
    <Object Include="x64\Debug\imgui_impl_opengl3.obj" />
    <Object Include="x64\Debug\imgui_tables.obj" />
    <Object Include="x64\Debug\imgui_widgets.obj" />
    <Object Include="x64\Debug\Main.obj" />
  </ItemGroup>
</Project>